{
  "name": "CosmeticProductsShopProject",
  "lockfileVersion": 3,
  "requires": true,
  "packages": {
    "": {
      "dependencies": {
        "flask": "^0.2.10",
        "openai": "^5.1.1"
      }
    },
    "node_modules/flask": {
      "version": "0.2.10",
      "resolved": "https://registry.npmjs.org/flask/-/flask-0.2.10.tgz",
      "integrity": "sha512-Zy69KIuFsoX0o2W5uDHHk1GHMwRT8QT0AboPQY7b1soCfJ2pfwKxHF2AGVwJmDUjzawgOavoY/UsXnZ7fk3lVQ=="
    },
    "node_modules/openai": {
      "version": "5.1.1",
      "resolved": "https://registry.npmjs.org/openai/-/openai-5.1.1.tgz",
      "integrity": "sha512-lgIdLqvpLpz8xPUKcEIV6ml+by74mbSBz8zv/AHHebtLn/WdpH4kdXT3/Q5uUKDHg3vHV/z9+G9wZINRX6rkDg==",
      "bin": {
        "openai": "bin/cli"
      },
      "peerDependencies": {
        "ws": "^8.18.0",
        "zod": "^3.23.8"
      },
      "peerDependenciesMeta": {
        "ws": {
          "optional": true
        },
        "zod": {
          "optional": true
        }
      }
    }
  }
}
